
Microsoft Visual Studio Solution File, Format Version 12.00
# Visual Studio Version 16
VisualStudioVersion = 16.0.33423.256
MinimumVisualStudioVersion = 10.0.40219.1
Project("{FAE04EC0-301F-11D3-BF4B-00C04F79EFBC}") = "Farmacie", "Farmacie.csproj", "{EAC8692D-1637-4130-86C1-5FD494B3B44A}"
EndProject
Project("{FAE04EC0-301F-11D3-BF4B-00C04F79EFBC}") = "GenerareControalereDinCod", "..\GenerareControalereDinCod\GenerareControalereDinCod.csproj", "{B70B5D65-0D4D-4063-94AE-41318D400DE7}"
EndProject
Global
	GlobalSection(SolutionConfigurationPlatforms) = preSolution
		Debug|Any CPU = Debug|Any CPU
		Release|Any CPU = Release|Any CPU
	EndGlobalSection
	GlobalSection(ProjectConfigurationPlatforms) = postSolution
		{EAC8692D-1637-4130-86C1-5FD494B3B44A}.Debug|Any CPU.ActiveCfg = Debug|Any CPU
		{EAC8692D-1637-4130-86C1-5FD494B3B44A}.Debug|Any CPU.Build.0 = Debug|Any CPU
		{EAC8692D-1637-4130-86C1-5FD494B3B44A}.Release|Any CPU.ActiveCfg = Release|Any CPU
		{EAC8692D-1637-4130-86C1-5FD494B3B44A}.Release|Any CPU.Build.0 = Release|Any CPU
		{B70B5D65-0D4D-4063-94AE-41318D400DE7}.Debug|Any CPU.ActiveCfg = Debug|Any CPU
		{B70B5D65-0D4D-4063-94AE-41318D400DE7}.Debug|Any CPU.Build.0 = Debug|Any CPU
		{B70B5D65-0D4D-4063-94AE-41318D400DE7}.Release|Any CPU.ActiveCfg = Release|Any CPU
		{B70B5D65-0D4D-4063-94AE-41318D400DE7}.Release|Any CPU.Build.0 = Release|Any CPU
	EndGlobalSection
	GlobalSection(SolutionProperties) = preSolution
		HideSolutionNode = FALSE
	EndGlobalSection
	GlobalSection(ExtensibilityGlobals) = postSolution
		SolutionGuid = {B369450A-29DE-425B-A27B-639AD52FCFA6}
	EndGlobalSection
EndGlobal
